
Microsoft Visual Studio Solution File, Format Version 12.00
# Visual Studio Version 16
VisualStudioVersion = 16.0.30516.212
MinimumVisualStudioVersion = 10.0.40219.1
Project("{9A19103F-16F7-4668-BE54-9A1E7A4F7556}") = "NetMQ.Console", "NetMQ.Console\NetMQ.Console.csproj", "{F79D53B5-3E06-4804-B29E-6D3B2BF5B2FF}"
EndProject
Project("{9A19103F-16F7-4668-BE54-9A1E7A4F7556}") = "NetMQ.Web", "NetMQ.Web\NetMQ.Web.csproj", "{082EB98B-4C95-4F99-981B-F1137F9A5E6C}"
EndProject
Global
	GlobalSection(SolutionConfigurationPlatforms) = preSolution
		Debug|Any CPU = Debug|Any CPU
		Release|Any CPU = Release|Any CPU
	EndGlobalSection
	GlobalSection(ProjectConfigurationPlatforms) = postSolution
		{F79D53B5-3E06-4804-B29E-6D3B2BF5B2FF}.Debug|Any CPU.ActiveCfg = Debug|Any CPU
		{F79D53B5-3E06-4804-B29E-6D3B2BF5B2FF}.Debug|Any CPU.Build.0 = Debug|Any CPU
		{F79D53B5-3E06-4804-B29E-6D3B2BF5B2FF}.Release|Any CPU.ActiveCfg = Release|Any CPU
		{F79D53B5-3E06-4804-B29E-6D3B2BF5B2FF}.Release|Any CPU.Build.0 = Release|Any CPU
		{082EB98B-4C95-4F99-981B-F1137F9A5E6C}.Debug|Any CPU.ActiveCfg = Debug|Any CPU
		{082EB98B-4C95-4F99-981B-F1137F9A5E6C}.Debug|Any CPU.Build.0 = Debug|Any CPU
		{082EB98B-4C95-4F99-981B-F1137F9A5E6C}.Release|Any CPU.ActiveCfg = Release|Any CPU
		{082EB98B-4C95-4F99-981B-F1137F9A5E6C}.Release|Any CPU.Build.0 = Release|Any CPU
	EndGlobalSection
	GlobalSection(SolutionProperties) = preSolution
		HideSolutionNode = FALSE
	EndGlobalSection
	GlobalSection(ExtensibilityGlobals) = postSolution
		SolutionGuid = {653F3EE1-17D2-4AE9-B010-70E5403B04AE}
	EndGlobalSection
EndGlobal
